// !$*UTF8*$!
{
	archiveVersion = 1;
	classes = {
	};
	objectVersion = 56;
	objects = {

/* Begin PBXBuildFile section */
		055BD9F22A8DB4FC009CC0B0 /* PCInventoryApp.swift in Sources */ = {isa = PBXBuildFile; fileRef = 055BD9F12A8DB4FC009CC0B0 /* PCInventoryApp.swift */; };
		055BD9F42A8DB4FC009CC0B0 /* ContentView.swift in Sources */ = {isa = PBXBuildFile; fileRef = 055BD9F32A8DB4FC009CC0B0 /* ContentView.swift */; };
		055BD9F62A8DB4FC009CC0B0 /* Assets.xcassets in Resources */ = {isa = PBXBuildFile; fileRef = 055BD9F52A8DB4FC009CC0B0 /* Assets.xcassets */; };
		055BD9F92A8DB4FC009CC0B0 /* Preview Assets.xcassets in Resources */ = {isa = PBXBuildFile; fileRef = 055BD9F82A8DB4FC009CC0B0 /* Preview Assets.xcassets */; };
		055BDA032A8DB728009CC0B0 /* FirebaseFirestore in Frameworks */ = {isa = PBXBuildFile; productRef = 055BDA022A8DB728009CC0B0 /* FirebaseFirestore */; };
		055BDA052A8DB728009CC0B0 /* FirebaseFirestoreSwift in Frameworks */ = {isa = PBXBuildFile; productRef = 055BDA042A8DB728009CC0B0 /* FirebaseFirestoreSwift */; };
		055BDA082A8DB822009CC0B0 /* PC.swift in Sources */ = {isa = PBXBuildFile; fileRef = 055BDA072A8DB822009CC0B0 /* PC.swift */; };
		05AEE73D2A8E9DAC00F9DAD5 /* PCManager.swift in Sources */ = {isa = PBXBuildFile; fileRef = 05AEE73C2A8E9DAC00F9DAD5 /* PCManager.swift */; };
		05AEE73F2A8E9F8A00F9DAD5 /* PCInventoryView.swift in Sources */ = {isa = PBXBuildFile; fileRef = 05AEE73E2A8E9F8A00F9DAD5 /* PCInventoryView.swift */; };
		05AEE7432A8E9FDD00F9DAD5 /* StatView.swift in Sources */ = {isa = PBXBuildFile; fileRef = 05AEE7422A8E9FDD00F9DAD5 /* StatView.swift */; };
		05AEE7462A8EA02500F9DAD5 /* Date.swift in Sources */ = {isa = PBXBuildFile; fileRef = 05AEE7452A8EA02500F9DAD5 /* Date.swift */; };
		05AEE7482A8EA03A00F9DAD5 /* LogoView.swift in Sources */ = {isa = PBXBuildFile; fileRef = 05AEE7472A8EA03A00F9DAD5 /* LogoView.swift */; };
		05AEE74A2A8EA13D00F9DAD5 /* GoogleService-Info.plist in Resources */ = {isa = PBXBuildFile; fileRef = 05AEE7492A8EA13D00F9DAD5 /* GoogleService-Info.plist */; };
		05AEE74C2A8EA25300F9DAD5 /* NavBarView.swift in Sources */ = {isa = PBXBuildFile; fileRef = 05AEE74B2A8EA25300F9DAD5 /* NavBarView.swift */; };
		05AEE74E2A8EA2C400F9DAD5 /* GradientView.swift in Sources */ = {isa = PBXBuildFile; fileRef = 05AEE74D2A8EA2C400F9DAD5 /* GradientView.swift */; };
		05AEE7502A8EA4AC00F9DAD5 /* NavBarContainerView.swift in Sources */ = {isa = PBXBuildFile; fileRef = 05AEE74F2A8EA4AC00F9DAD5 /* NavBarContainerView.swift */; };
		05AEE7522A8EA7CC00F9DAD5 /* NavBarContainerNavigationView.swift in Sources */ = {isa = PBXBuildFile; fileRef = 05AEE7512A8EA7CC00F9DAD5 /* NavBarContainerNavigationView.swift */; };
		05AEE7542A8EB68900F9DAD5 /* PCView.swift in Sources */ = {isa = PBXBuildFile; fileRef = 05AEE7532A8EB68900F9DAD5 /* PCView.swift */; };
		05AEE7582A8EB99900F9DAD5 /* IconTextView.swift in Sources */ = {isa = PBXBuildFile; fileRef = 05AEE7572A8EB99900F9DAD5 /* IconTextView.swift */; };
/* End PBXBuildFile section */

/* Begin PBXFileReference section */
		055BD9EE2A8DB4FC009CC0B0 /* PCInventory.app */ = {isa = PBXFileReference; explicitFileType = wrapper.application; includeInIndex = 0; path = PCInventory.app; sourceTree = BUILT_PRODUCTS_DIR; };
		055BD9F12A8DB4FC009CC0B0 /* PCInventoryApp.swift */ = {isa = PBXFileReference; lastKnownFileType = sourcecode.swift; path = PCInventoryApp.swift; sourceTree = "<group>"; };
		055BD9F32A8DB4FC009CC0B0 /* ContentView.swift */ = {isa = PBXFileReference; lastKnownFileType = sourcecode.swift; path = ContentView.swift; sourceTree = "<group>"; };
		055BD9F52A8DB4FC009CC0B0 /* Assets.xcassets */ = {isa = PBXFileReference; lastKnownFileType = folder.assetcatalog; path = Assets.xcassets; sourceTree = "<group>"; };
		055BD9F82A8DB4FC009CC0B0 /* Preview Assets.xcassets */ = {isa = PBXFileReference; lastKnownFileType = folder.assetcatalog; path = "Preview Assets.xcassets"; sourceTree = "<group>"; };
		055BDA072A8DB822009CC0B0 /* PC.swift */ = {isa = PBXFileReference; lastKnownFileType = sourcecode.swift; path = PC.swift; sourceTree = "<group>"; };
		05AEE73C2A8E9DAC00F9DAD5 /* PCManager.swift */ = {isa = PBXFileReference; lastKnownFileType = sourcecode.swift; path = PCManager.swift; sourceTree = "<group>"; };
		05AEE73E2A8E9F8A00F9DAD5 /* PCInventoryView.swift */ = {isa = PBXFileReference; lastKnownFileType = sourcecode.swift; path = PCInventoryView.swift; sourceTree = "<group>"; };
		05AEE7422A8E9FDD00F9DAD5 /* StatView.swift */ = {isa = PBXFileReference; lastKnownFileType = sourcecode.swift; path = StatView.swift; sourceTree = "<group>"; };
		05AEE7452A8EA02500F9DAD5 /* Date.swift */ = {isa = PBXFileReference; lastKnownFileType = sourcecode.swift; path = Date.swift; sourceTree = "<group>"; };
		05AEE7472A8EA03A00F9DAD5 /* LogoView.swift */ = {isa = PBXFileReference; lastKnownFileType = sourcecode.swift; path = LogoView.swift; sourceTree = "<group>"; };
		05AEE7492A8EA13D00F9DAD5 /* GoogleService-Info.plist */ = {isa = PBXFileReference; fileEncoding = 4; lastKnownFileType = text.plist.xml; path = "GoogleService-Info.plist"; sourceTree = "<group>"; };
		05AEE74B2A8EA25300F9DAD5 /* NavBarView.swift */ = {isa = PBXFileReference; lastKnownFileType = sourcecode.swift; path = NavBarView.swift; sourceTree = "<group>"; };
		05AEE74D2A8EA2C400F9DAD5 /* GradientView.swift */ = {isa = PBXFileReference; lastKnownFileType = sourcecode.swift; path = GradientView.swift; sourceTree = "<group>"; };
		05AEE74F2A8EA4AC00F9DAD5 /* NavBarContainerView.swift */ = {isa = PBXFileReference; lastKnownFileType = sourcecode.swift; path = NavBarContainerView.swift; sourceTree = "<group>"; };
		05AEE7512A8EA7CC00F9DAD5 /* NavBarContainerNavigationView.swift */ = {isa = PBXFileReference; lastKnownFileType = sourcecode.swift; path = NavBarContainerNavigationView.swift; sourceTree = "<group>"; };
		05AEE7532A8EB68900F9DAD5 /* PCView.swift */ = {isa = PBXFileReference; lastKnownFileType = sourcecode.swift; path = PCView.swift; sourceTree = "<group>"; };
		05AEE7572A8EB99900F9DAD5 /* IconTextView.swift */ = {isa = PBXFileReference; lastKnownFileType = sourcecode.swift; path = IconTextView.swift; sourceTree = "<group>"; };
/* End PBXFileReference section */

/* Begin PBXFrameworksBuildPhase section */
		055BD9EB2A8DB4FC009CC0B0 /* Frameworks */ = {
			isa = PBXFrameworksBuildPhase;
			buildActionMask = 2147483647;
			files = (
				055BDA032A8DB728009CC0B0 /* FirebaseFirestore in Frameworks */,
				055BDA052A8DB728009CC0B0 /* FirebaseFirestoreSwift in Frameworks */,
			);
			runOnlyForDeploymentPostprocessing = 0;
		};
/* End PBXFrameworksBuildPhase section */

/* Begin PBXGroup section */
		055BD9E52A8DB4FC009CC0B0 = {
			isa = PBXGroup;
			children = (
				055BD9F02A8DB4FC009CC0B0 /* PCInventory */,
				055BD9EF2A8DB4FC009CC0B0 /* Products */,
			);
			sourceTree = "<group>";
		};
		055BD9EF2A8DB4FC009CC0B0 /* Products */ = {
			isa = PBXGroup;
			children = (
				055BD9EE2A8DB4FC009CC0B0 /* PCInventory.app */,
			);
			name = Products;
			sourceTree = "<group>";
		};
		055BD9F02A8DB4FC009CC0B0 /* PCInventory */ = {
			isa = PBXGroup;
			children = (
				055BD9F12A8DB4FC009CC0B0 /* PCInventoryApp.swift */,
				055BD9F32A8DB4FC009CC0B0 /* ContentView.swift */,
				05AEE7492A8EA13D00F9DAD5 /* GoogleService-Info.plist */,
				05AEE73E2A8E9F8A00F9DAD5 /* PCInventoryView.swift */,
				055BD9F52A8DB4FC009CC0B0 /* Assets.xcassets */,
				05AEE7412A8E9FBB00F9DAD5 /* MiniViews */,
				05AEE7402A8E9FA900F9DAD5 /* NavBar */,
				05AEE7442A8EA01B00F9DAD5 /* DataFunctions */,
				055BDA062A8DB7FC009CC0B0 /* Structs */,
				055BD9F72A8DB4FC009CC0B0 /* Preview Content */,
			);
			path = PCInventory;
			sourceTree = "<group>";
		};
		055BD9F72A8DB4FC009CC0B0 /* Preview Content */ = {
			isa = PBXGroup;
			children = (
				055BD9F82A8DB4FC009CC0B0 /* Preview Assets.xcassets */,
			);
			path = "Preview Content";
			sourceTree = "<group>";
		};
		055BDA062A8DB7FC009CC0B0 /* Structs */ = {
			isa = PBXGroup;
			children = (
				055BDA072A8DB822009CC0B0 /* PC.swift */,
				05AEE73C2A8E9DAC00F9DAD5 /* PCManager.swift */,
			);
			path = Structs;
			sourceTree = "<group>";
		};
		05AEE7402A8E9FA900F9DAD5 /* NavBar */ = {
			isa = PBXGroup;
			children = (
				05AEE7472A8EA03A00F9DAD5 /* LogoView.swift */,
				05AEE74B2A8EA25300F9DAD5 /* NavBarView.swift */,
				05AEE74F2A8EA4AC00F9DAD5 /* NavBarContainerView.swift */,
				05AEE7512A8EA7CC00F9DAD5 /* NavBarContainerNavigationView.swift */,
				05AEE74D2A8EA2C400F9DAD5 /* GradientView.swift */,
			);
			path = NavBar;
			sourceTree = "<group>";
		};
		05AEE7412A8E9FBB00F9DAD5 /* MiniViews */ = {
			isa = PBXGroup;
			children = (
				05AEE7422A8E9FDD00F9DAD5 /* StatView.swift */,
				05AEE7532A8EB68900F9DAD5 /* PCView.swift */,
				05AEE7572A8EB99900F9DAD5 /* IconTextView.swift */,
			);
			path = MiniViews;
			sourceTree = "<group>";
		};
		05AEE7442A8EA01B00F9DAD5 /* DataFunctions */ = {
			isa = PBXGroup;
			children = (
				05AEE7452A8EA02500F9DAD5 /* Date.swift */,
			);
			path = DataFunctions;
			sourceTree = "<group>";
		};
/* End PBXGroup section */

/* Begin PBXNativeTarget section */
		055BD9ED2A8DB4FC009CC0B0 /* PCInventory */ = {
			isa = PBXNativeTarget;
			buildConfigurationList = 055BD9FC2A8DB4FC009CC0B0 /* Build configuration list for PBXNativeTarget "PCInventory" */;
			buildPhases = (
				055BD9EA2A8DB4FC009CC0B0 /* Sources */,
				055BD9EB2A8DB4FC009CC0B0 /* Frameworks */,
				055BD9EC2A8DB4FC009CC0B0 /* Resources */,
			);
			buildRules = (
			);
			dependencies = (
			);
			name = PCInventory;
			packageProductDependencies = (
				055BDA022A8DB728009CC0B0 /* FirebaseFirestore */,
				055BDA042A8DB728009CC0B0 /* FirebaseFirestoreSwift */,
			);
			productName = PCInventory;
			productReference = 055BD9EE2A8DB4FC009CC0B0 /* PCInventory.app */;
			productType = "com.apple.product-type.application";
		};
/* End PBXNativeTarget section */

/* Begin PBXProject section */
		055BD9E62A8DB4FC009CC0B0 /* Project object */ = {
			isa = PBXProject;
			attributes = {
				BuildIndependentTargetsInParallel = 1;
				LastSwiftUpdateCheck = 1430;
				LastUpgradeCheck = 1430;
				TargetAttributes = {
					055BD9ED2A8DB4FC009CC0B0 = {
						CreatedOnToolsVersion = 14.3.1;
					};
				};
			};
			buildConfigurationList = 055BD9E92A8DB4FC009CC0B0 /* Build configuration list for PBXProject "PCInventory" */;
			compatibilityVersion = "Xcode 14.0";
			developmentRegion = en;
			hasScannedForEncodings = 0;
			knownRegions = (
				en,
				Base,
			);
			mainGroup = 055BD9E52A8DB4FC009CC0B0;
			packageReferences = (
				055BDA012A8DB728009CC0B0 /* XCRemoteSwiftPackageReference "firebase-ios-sdk" */,
			);
			productRefGroup = 055BD9EF2A8DB4FC009CC0B0 /* Products */;
			projectDirPath = "";
			projectRoot = "";
			targets = (
				055BD9ED2A8DB4FC009CC0B0 /* PCInventory */,
			);
		};
/* End PBXProject section */

/* Begin PBXResourcesBuildPhase section */
		055BD9EC2A8DB4FC009CC0B0 /* Resources */ = {
			isa = PBXResourcesBuildPhase;
			buildActionMask = 2147483647;
			files = (
				055BD9F92A8DB4FC009CC0B0 /* Preview Assets.xcassets in Resources */,
				055BD9F62A8DB4FC009CC0B0 /* Assets.xcassets in Resources */,
				05AEE74A2A8EA13D00F9DAD5 /* GoogleService-Info.plist in Resources */,
			);
			runOnlyForDeploymentPostprocessing = 0;
		};
/* End PBXResourcesBuildPhase section */

/* Begin PBXSourcesBuildPhase section */
		055BD9EA2A8DB4FC009CC0B0 /* Sources */ = {
			isa = PBXSourcesBuildPhase;
			buildActionMask = 2147483647;
			files = (
				05AEE7432A8E9FDD00F9DAD5 /* StatView.swift in Sources */,
				05AEE73D2A8E9DAC00F9DAD5 /* PCManager.swift in Sources */,
				05AEE74E2A8EA2C400F9DAD5 /* GradientView.swift in Sources */,
				05AEE7462A8EA02500F9DAD5 /* Date.swift in Sources */,
				05AEE73F2A8E9F8A00F9DAD5 /* PCInventoryView.swift in Sources */,
				05AEE74C2A8EA25300F9DAD5 /* NavBarView.swift in Sources */,
				05AEE7522A8EA7CC00F9DAD5 /* NavBarContainerNavigationView.swift in Sources */,
				055BD9F42A8DB4FC009CC0B0 /* ContentView.swift in Sources */,
				05AEE7542A8EB68900F9DAD5 /* PCView.swift in Sources */,
				05AEE7482A8EA03A00F9DAD5 /* LogoView.swift in Sources */,
				055BD9F22A8DB4FC009CC0B0 /* PCInventoryApp.swift in Sources */,
				055BDA082A8DB822009CC0B0 /* PC.swift in Sources */,
				05AEE7582A8EB99900F9DAD5 /* IconTextView.swift in Sources */,
				05AEE7502A8EA4AC00F9DAD5 /* NavBarContainerView.swift in Sources */,
			);
			runOnlyForDeploymentPostprocessing = 0;
		};
/* End PBXSourcesBuildPhase section */

/* Begin XCBuildConfiguration section */
		055BD9FA2A8DB4FC009CC0B0 /* Debug */ = {
			isa = XCBuildConfiguration;
			buildSettings = {
				ALWAYS_SEARCH_USER_PATHS = NO;
				CLANG_ANALYZER_NONNULL = YES;
				CLANG_ANALYZER_NUMBER_OBJECT_CONVERSION = YES_AGGRESSIVE;
				CLANG_CXX_LANGUAGE_STANDARD = "gnu++20";
				CLANG_ENABLE_MODULES = YES;
				CLANG_ENABLE_OBJC_ARC = YES;
				CLANG_ENABLE_OBJC_WEAK = YES;
				CLANG_WARN_BLOCK_CAPTURE_AUTORELEASING = YES;
				CLANG_WARN_BOOL_CONVERSION = YES;
				CLANG_WARN_COMMA = YES;
				CLANG_WARN_CONSTANT_CONVERSION = YES;
				CLANG_WARN_DEPRECATED_OBJC_IMPLEMENTATIONS = YES;
				CLANG_WARN_DIRECT_OBJC_ISA_USAGE = YES_ERROR;
				CLANG_WARN_DOCUMENTATION_COMMENTS = YES;
				CLANG_WARN_EMPTY_BODY = YES;
				CLANG_WARN_ENUM_CONVERSION = YES;
				CLANG_WARN_INFINITE_RECURSION = YES;
				CLANG_WARN_INT_CONVERSION = YES;
				CLANG_WARN_NON_LITERAL_NULL_CONVERSION = YES;
				CLANG_WARN_OBJC_IMPLICIT_RETAIN_SELF = YES;
				CLANG_WARN_OBJC_LITERAL_CONVERSION = YES;
				CLANG_WARN_OBJC_ROOT_CLASS = YES_ERROR;
				CLANG_WARN_QUOTED_INCLUDE_IN_FRAMEWORK_HEADER = YES;
				CLANG_WARN_RANGE_LOOP_ANALYSIS = YES;
				CLANG_WARN_STRICT_PROTOTYPES = YES;
				CLANG_WARN_SUSPICIOUS_MOVE = YES;
				CLANG_WARN_UNGUARDED_AVAILABILITY = YES_AGGRESSIVE;
				CLANG_WARN_UNREACHABLE_CODE = YES;
				CLANG_WARN__DUPLICATE_METHOD_MATCH = YES;
				COPY_PHASE_STRIP = NO;
				DEBUG_INFORMATION_FORMAT = dwarf;
				ENABLE_STRICT_OBJC_MSGSEND = YES;
				ENABLE_TESTABILITY = YES;
				GCC_C_LANGUAGE_STANDARD = gnu11;
				GCC_DYNAMIC_NO_PIC = NO;
				GCC_NO_COMMON_BLOCKS = YES;
				GCC_OPTIMIZATION_LEVEL = 0;
				GCC_PREPROCESSOR_DEFINITIONS = (
					"DEBUG=1",
					"$(inherited)",
				);
				GCC_WARN_64_TO_32_BIT_CONVERSION = YES;
				GCC_WARN_ABOUT_RETURN_TYPE = YES_ERROR;
				GCC_WARN_UNDECLARED_SELECTOR = YES;
				GCC_WARN_UNINITIALIZED_AUTOS = YES_AGGRESSIVE;
				GCC_WARN_UNUSED_FUNCTION = YES;
				GCC_WARN_UNUSED_VARIABLE = YES;
				IPHONEOS_DEPLOYMENT_TARGET = 16.4;
				MTL_ENABLE_DEBUG_INFO = INCLUDE_SOURCE;
				MTL_FAST_MATH = YES;
				ONLY_ACTIVE_ARCH = YES;
				SDKROOT = iphoneos;
				SWIFT_ACTIVE_COMPILATION_CONDITIONS = DEBUG;
				SWIFT_OPTIMIZATION_LEVEL = "-Onone";
			};
			name = Debug;
		};
		055BD9FB2A8DB4FC009CC0B0 /* Release */ = {
			isa = XCBuildConfiguration;
			buildSettings = {
				ALWAYS_SEARCH_USER_PATHS = NO;
				CLANG_ANALYZER_NONNULL = YES;
				CLANG_ANALYZER_NUMBER_OBJECT_CONVERSION = YES_AGGRESSIVE;
				CLANG_CXX_LANGUAGE_STANDARD = "gnu++20";
				CLANG_ENABLE_MODULES = YES;
				CLANG_ENABLE_OBJC_ARC = YES;
				CLANG_ENABLE_OBJC_WEAK = YES;
				CLANG_WARN_BLOCK_CAPTURE_AUTORELEASING = YES;
				CLANG_WARN_BOOL_CONVERSION = YES;
				CLANG_WARN_COMMA = YES;
				CLANG_WARN_CONSTANT_CONVERSION = YES;
				CLANG_WARN_DEPRECATED_OBJC_IMPLEMENTATIONS = YES;
				CLANG_WARN_DIRECT_OBJC_ISA_USAGE = YES_ERROR;
				CLANG_WARN_DOCUMENTATION_COMMENTS = YES;
				CLANG_WARN_EMPTY_BODY = YES;
				CLANG_WARN_ENUM_CONVERSION = YES;
				CLANG_WARN_INFINITE_RECURSION = YES;
				CLANG_WARN_INT_CONVERSION = YES;
				CLANG_WARN_NON_LITERAL_NULL_CONVERSION = YES;
				CLANG_WARN_OBJC_IMPLICIT_RETAIN_SELF = YES;
				CLANG_WARN_OBJC_LITERAL_CONVERSION = YES;
				CLANG_WARN_OBJC_ROOT_CLASS = YES_ERROR;
				CLANG_WARN_QUOTED_INCLUDE_IN_FRAMEWORK_HEADER = YES;
				CLANG_WARN_RANGE_LOOP_ANALYSIS = YES;
				CLANG_WARN_STRICT_PROTOTYPES = YES;
				CLANG_WARN_SUSPICIOUS_MOVE = YES;
				CLANG_WARN_UNGUARDED_AVAILABILITY = YES_AGGRESSIVE;
				CLANG_WARN_UNREACHABLE_CODE = YES;
				CLANG_WARN__DUPLICATE_METHOD_MATCH = YES;
				COPY_PHASE_STRIP = NO;
				DEBUG_INFORMATION_FORMAT = "dwarf-with-dsym";
				ENABLE_NS_ASSERTIONS = NO;
				ENABLE_STRICT_OBJC_MSGSEND = YES;
				GCC_C_LANGUAGE_STANDARD = gnu11;
				GCC_NO_COMMON_BLOCKS = YES;
				GCC_WARN_64_TO_32_BIT_CONVERSION = YES;
				GCC_WARN_ABOUT_RETURN_TYPE = YES_ERROR;
				GCC_WARN_UNDECLARED_SELECTOR = YES;
				GCC_WARN_UNINITIALIZED_AUTOS = YES_AGGRESSIVE;
				GCC_WARN_UNUSED_FUNCTION = YES;
				GCC_WARN_UNUSED_VARIABLE = YES;
				IPHONEOS_DEPLOYMENT_TARGET = 16.4;
				MTL_ENABLE_DEBUG_INFO = NO;
				MTL_FAST_MATH = YES;
				SDKROOT = iphoneos;
				SWIFT_COMPILATION_MODE = wholemodule;
				SWIFT_OPTIMIZATION_LEVEL = "-O";
				VALIDATE_PRODUCT = YES;
			};
			name = Release;
		};
		055BD9FD2A8DB4FC009CC0B0 /* Debug */ = {
			isa = XCBuildConfiguration;
			buildSettings = {
				ASSETCATALOG_COMPILER_APPICON_NAME = AppIcon;
				ASSETCATALOG_COMPILER_GLOBAL_ACCENT_COLOR_NAME = AccentColor;
				CODE_SIGN_STYLE = Automatic;
				CURRENT_PROJECT_VERSION = 1;
				DEVELOPMENT_ASSET_PATHS = "\"PCInventory/Preview Content\"";
				ENABLE_PREVIEWS = YES;
				GENERATE_INFOPLIST_FILE = YES;
				INFOPLIST_KEY_UIApplicationSceneManifest_Generation = YES;
				INFOPLIST_KEY_UIApplicationSupportsIndirectInputEvents = YES;
				INFOPLIST_KEY_UILaunchScreen_Generation = YES;
				INFOPLIST_KEY_UISupportedInterfaceOrientations_iPad = "UIInterfaceOrientationPortrait UIInterfaceOrientationPortraitUpsideDown UIInterfaceOrientationLandscapeLeft UIInterfaceOrientationLandscapeRight";
				INFOPLIST_KEY_UISupportedInterfaceOrientations_iPhone = "UIInterfaceOrientationPortrait UIInterfaceOrientationLandscapeLeft UIInterfaceOrientationLandscapeRight";
				LD_RUNPATH_SEARCH_PATHS = (
					"$(inherited)",
					"@executable_path/Frameworks",
				);
				MARKETING_VERSION = 1.0;
				PRODUCT_BUNDLE_IDENTIFIER = com.example.derricklu.PCInventory;
				PRODUCT_NAME = "$(TARGET_NAME)";
				SWIFT_EMIT_LOC_STRINGS = YES;
				SWIFT_VERSION = 5.0;
				TARGETED_DEVICE_FAMILY = "1,2";
			};
			name = Debug;
		};
		055BD9FE2A8DB4FC009CC0B0 /* Release */ = {
			isa = XCBuildConfiguration;
			buildSettings = {
				ASSETCATALOG_COMPILER_APPICON_NAME = AppIcon;
				ASSETCATALOG_COMPILER_GLOBAL_ACCENT_COLOR_NAME = AccentColor;
				CODE_SIGN_STYLE = Automatic;
				CURRENT_PROJECT_VERSION = 1;
				DEVELOPMENT_ASSET_PATHS = "\"PCInventory/Preview Content\"";
				ENABLE_PREVIEWS = YES;
				GENERATE_INFOPLIST_FILE = YES;
				INFOPLIST_KEY_UIApplicationSceneManifest_Generation = YES;
				INFOPLIST_KEY_UIApplicationSupportsIndirectInputEvents = YES;
				INFOPLIST_KEY_UILaunchScreen_Generation = YES;
				INFOPLIST_KEY_UISupportedInterfaceOrientations_iPad = "UIInterfaceOrientationPortrait UIInterfaceOrientationPortraitUpsideDown UIInterfaceOrientationLandscapeLeft UIInterfaceOrientationLandscapeRight";
				INFOPLIST_KEY_UISupportedInterfaceOrientations_iPhone = "UIInterfaceOrientationPortrait UIInterfaceOrientationLandscapeLeft UIInterfaceOrientationLandscapeRight";
				LD_RUNPATH_SEARCH_PATHS = (
					"$(inherited)",
					"@executable_path/Frameworks",
				);
				MARKETING_VERSION = 1.0;
				PRODUCT_BUNDLE_IDENTIFIER = com.example.derricklu.PCInventory;
				PRODUCT_NAME = "$(TARGET_NAME)";
				SWIFT_EMIT_LOC_STRINGS = YES;
				SWIFT_VERSION = 5.0;
				TARGETED_DEVICE_FAMILY = "1,2";
			};
			name = Release;
		};
/* End XCBuildConfiguration section */

/* Begin XCConfigurationList section */
		055BD9E92A8DB4FC009CC0B0 /* Build configuration list for PBXProject "PCInventory" */ = {
			isa = XCConfigurationList;
			buildConfigurations = (
				055BD9FA2A8DB4FC009CC0B0 /* Debug */,
				055BD9FB2A8DB4FC009CC0B0 /* Release */,
			);
			defaultConfigurationIsVisible = 0;
			defaultConfigurationName = Release;
		};
		055BD9FC2A8DB4FC009CC0B0 /* Build configuration list for PBXNativeTarget "PCInventory" */ = {
			isa = XCConfigurationList;
			buildConfigurations = (
				055BD9FD2A8DB4FC009CC0B0 /* Debug */,
				055BD9FE2A8DB4FC009CC0B0 /* Release */,
			);
			defaultConfigurationIsVisible = 0;
			defaultConfigurationName = Release;
		};
/* End XCConfigurationList section */

/* Begin XCRemoteSwiftPackageReference section */
		055BDA012A8DB728009CC0B0 /* XCRemoteSwiftPackageReference "firebase-ios-sdk" */ = {
			isa = XCRemoteSwiftPackageReference;
			repositoryURL = "https://github.com/firebase/firebase-ios-sdk";
			requirement = {
				kind = upToNextMajorVersion;
				minimumVersion = 10.0.0;
			};
		};
/* End XCRemoteSwiftPackageReference section */

/* Begin XCSwiftPackageProductDependency section */
		055BDA022A8DB728009CC0B0 /* FirebaseFirestore */ = {
			isa = XCSwiftPackageProductDependency;
			package = 055BDA012A8DB728009CC0B0 /* XCRemoteSwiftPackageReference "firebase-ios-sdk" */;
			productName = FirebaseFirestore;
		};
		055BDA042A8DB728009CC0B0 /* FirebaseFirestoreSwift */ = {
			isa = XCSwiftPackageProductDependency;
			package = 055BDA012A8DB728009CC0B0 /* XCRemoteSwiftPackageReference "firebase-ios-sdk" */;
			productName = FirebaseFirestoreSwift;
		};
/* End XCSwiftPackageProductDependency section */
	};
	rootObject = 055BD9E62A8DB4FC009CC0B0 /* Project object */;
}
